
Microsoft Visual Studio Solution File, Format Version 12.00
# Visual Studio Version 17
VisualStudioVersion = 17.1.32319.34
MinimumVisualStudioVersion = 10.0.40219.1
Project("{FAE04EC0-301F-11D3-BF4B-00C04F79EFBC}") = "Logbook", "Logbook\Logbook.csproj", "{9DA7EF54-14FF-41CD-B695-EAB06CB8024E}"
EndProject
Project("{FAE04EC0-301F-11D3-BF4B-00C04F79EFBC}") = "MovieApp", "MovieApp\MovieApp.csproj", "{7AD5A688-EEA0-4187-83FC-9300065FFFF9}"
EndProject
Global
	GlobalSection(SolutionConfigurationPlatforms) = preSolution
		Debug|Any CPU = Debug|Any CPU
		Release|Any CPU = Release|Any CPU
	EndGlobalSection
	GlobalSection(ProjectConfigurationPlatforms) = postSolution
		{9DA7EF54-14FF-41CD-B695-EAB06CB8024E}.Debug|Any CPU.ActiveCfg = Debug|Any CPU
		{9DA7EF54-14FF-41CD-B695-EAB06CB8024E}.Debug|Any CPU.Build.0 = Debug|Any CPU
		{9DA7EF54-14FF-41CD-B695-EAB06CB8024E}.Release|Any CPU.ActiveCfg = Release|Any CPU
		{9DA7EF54-14FF-41CD-B695-EAB06CB8024E}.Release|Any CPU.Build.0 = Release|Any CPU
		{7AD5A688-EEA0-4187-83FC-9300065FFFF9}.Debug|Any CPU.ActiveCfg = Debug|Any CPU
		{7AD5A688-EEA0-4187-83FC-9300065FFFF9}.Debug|Any CPU.Build.0 = Debug|Any CPU
		{7AD5A688-EEA0-4187-83FC-9300065FFFF9}.Release|Any CPU.ActiveCfg = Release|Any CPU
		{7AD5A688-EEA0-4187-83FC-9300065FFFF9}.Release|Any CPU.Build.0 = Release|Any CPU
	EndGlobalSection
	GlobalSection(SolutionProperties) = preSolution
		HideSolutionNode = FALSE
	EndGlobalSection
	GlobalSection(ExtensibilityGlobals) = postSolution
		SolutionGuid = {4F606837-F2C2-426E-AA6A-E61B2E3AE9C8}
	EndGlobalSection
EndGlobal
